// !$*UTF8*$!
{
	archiveVersion = 1;
	classes = {
	};
	objectVersion = 46;
	objects = {

/* Begin PBXBuildFile section */
		7A0020FB1BF8239000A0B82F /* MacApplication.mm in Sources */ = {isa = PBXBuildFile; fileRef = 7A0020F91BF8239000A0B82F /* MacApplication.mm */; };
		7A060A0A1C5C43F200DDE30A /* Camera.cpp in Sources */ = {isa = PBXBuildFile; fileRef = 7A060A081C5C43F200DDE30A /* Camera.cpp */; };
		7A0CF61A1C54C17200C7952C /* Carbon.framework in Frameworks */ = {isa = PBXBuildFile; fileRef = 7A0CF6191C54C17200C7952C /* Carbon.framework */; };
		7A106EA71C56F767003B9E09 /* ShaderAsset.cpp in Sources */ = {isa = PBXBuildFile; fileRef = 7A106EA51C56F767003B9E09 /* ShaderAsset.cpp */; };
		7A10CE8D1C006FF200A6816F /* ModelAsset.cpp in Sources */ = {isa = PBXBuildFile; fileRef = 7A10CE851C006FF200A6816F /* ModelAsset.cpp */; };
		7A10CE8F1C006FF200A6816F /* ModelInstance.cpp in Sources */ = {isa = PBXBuildFile; fileRef = 7A10CE891C006FF200A6816F /* ModelInstance.cpp */; };
		7A10CE901C006FF200A6816F /* ModelRenderQueue.cpp in Sources */ = {isa = PBXBuildFile; fileRef = 7A10CE8B1C006FF200A6816F /* ModelRenderQueue.cpp */; };
		7A10CEA11C0070C000A6816F /* Matrix33.cpp in Sources */ = {isa = PBXBuildFile; fileRef = 7A10CE971C0070C000A6816F /* Matrix33.cpp */; };
		7A10CEA21C0070C000A6816F /* Matrix44.cpp in Sources */ = {isa = PBXBuildFile; fileRef = 7A10CE991C0070C000A6816F /* Matrix44.cpp */; };
		7A10CEA31C0070C000A6816F /* Quaternion.cpp in Sources */ = {isa = PBXBuildFile; fileRef = 7A10CE9B1C0070C000A6816F /* Quaternion.cpp */; };
		7A10CEA41C0070C000A6816F /* Vector3.cpp in Sources */ = {isa = PBXBuildFile; fileRef = 7A10CE9D1C0070C000A6816F /* Vector3.cpp */; };
		7A10CEA51C0070C000A6816F /* Vector4.cpp in Sources */ = {isa = PBXBuildFile; fileRef = 7A10CE9F1C0070C000A6816F /* Vector4.cpp */; };
		7A15D2C41BF9728E000DD053 /* Assets in Resources */ = {isa = PBXBuildFile; fileRef = 7A15D2C31BF9728E000DD053 /* Assets */; };
		7A1EEFC41C54515600D68F49 /* GpuDeferredDeletionQueue.cpp in Sources */ = {isa = PBXBuildFile; fileRef = 7A1EEFC21C54515600D68F49 /* GpuDeferredDeletionQueue.cpp */; };
		7A208EB61C013423002B4459 /* GpuDrawItemWriter.cpp in Sources */ = {isa = PBXBuildFile; fileRef = 7A208EB41C013423002B4459 /* GpuDrawItemWriter.cpp */; };
		7A20A7FE1C6952A300E82F66 /* Path.cpp in Sources */ = {isa = PBXBuildFile; fileRef = 7A20A7FC1C6952A300E82F66 /* Path.cpp */; };
		7A20A8011C69543C00E82F66 /* Str.cpp in Sources */ = {isa = PBXBuildFile; fileRef = 7A20A7FF1C69543C00E82F66 /* Str.cpp */; };
		7A2B4CEA1CA3EA0800714D93 /* Scene.cpp in Sources */ = {isa = PBXBuildFile; fileRef = 7A2B4CE81CA3EA0700714D93 /* Scene.cpp */; };
		7A2E8B681CA756B200A66B3D /* RenderTargetDisplay.cpp in Sources */ = {isa = PBXBuildFile; fileRef = 7A2E8B661CA756B200A66B3D /* RenderTargetDisplay.cpp */; };
		7A4492031BF1E44100444DFC /* GpuDevice.cpp in Sources */ = {isa = PBXBuildFile; fileRef = 7A4492011BF1E44100444DFC /* GpuDevice.cpp */; };
		7A4492051BF1E46700444DFC /* GpuDeviceMetal.mm in Sources */ = {isa = PBXBuildFile; fileRef = 7A4492041BF1E46700444DFC /* GpuDeviceMetal.mm */; };
		7A4492071BF1E63500444DFC /* Metal.framework in Frameworks */ = {isa = PBXBuildFile; fileRef = 7A4492061BF1E63500444DFC /* Metal.framework */; };
		7A7E6BD01D1C9C1D00DF7DCC /* GpuSamplerCache.cpp in Sources */ = {isa = PBXBuildFile; fileRef = 7A7E6BCE1D1C9C1D00DF7DCC /* GpuSamplerCache.cpp */; };
		7A9264471C73CBF100F424FD /* ModelScene.cpp in Sources */ = {isa = PBXBuildFile; fileRef = 7A9264451C73CBF100F424FD /* ModelScene.cpp */; };
		7A978A671C61E1F800299AB1 /* GpuDrawItemPool.cpp in Sources */ = {isa = PBXBuildFile; fileRef = 7A978A651C61E1F800299AB1 /* GpuDrawItemPool.cpp */; };
		7AA0669D1C5449C3006278C8 /* Asset.cpp in Sources */ = {isa = PBXBuildFile; fileRef = 7AA0669C1C5449C3006278C8 /* Asset.cpp */; };
		7AB95A051C25225600A71282 /* GpuMathUtils.cpp in Sources */ = {isa = PBXBuildFile; fileRef = 7AB95A031C25225600A71282 /* GpuMathUtils.cpp */; };
		7AC5DFCA1B8AF1C700FC65B1 /* Application.cpp in Sources */ = {isa = PBXBuildFile; fileRef = 7AC5DFC81B8AF1C700FC65B1 /* Application.cpp */; };
		7AD002021C5A123500AD3F39 /* FileLoader.cpp in Sources */ = {isa = PBXBuildFile; fileRef = 7AD002001C5A123500AD3F39 /* FileLoader.cpp */; };
		7AEAF2011BF81DA400620EB0 /* Main.cpp in Sources */ = {isa = PBXBuildFile; fileRef = 7AEAF2001BF81DA400620EB0 /* Main.cpp */; };
		7AEAF2031BF81E7E00620EB0 /* Cocoa.framework in Frameworks */ = {isa = PBXBuildFile; fileRef = 7AEAF2021BF81E7E00620EB0 /* Cocoa.framework */; };
		7AEAF2051BF81E9300620EB0 /* QuartzCore.framework in Frameworks */ = {isa = PBXBuildFile; fileRef = 7AEAF2041BF81E9300620EB0 /* QuartzCore.framework */; };
		7AEB7B391C373E6600EA12EA /* Model.metal in Sources */ = {isa = PBXBuildFile; fileRef = 7AEB7B381C373E6600EA12EA /* Model.metal */; };
		7AEB7B3C1C37538A00EA12EA /* GpuShaderLoad.cpp in Sources */ = {isa = PBXBuildFile; fileRef = 7AEB7B3A1C37538A00EA12EA /* GpuShaderLoad.cpp */; };
		7AF6B8C21C574C28004C16C6 /* DDSFile.cpp in Sources */ = {isa = PBXBuildFile; fileRef = 7AF6B8BE1C574C28004C16C6 /* DDSFile.cpp */; };
		7AF6B8C31C574C28004C16C6 /* TextureAsset.cpp in Sources */ = {isa = PBXBuildFile; fileRef = 7AF6B8C01C574C28004C16C6 /* TextureAsset.cpp */; };
		CA0085241A43A21800E2A102 /* MainMenu.xib in Resources */ = {isa = PBXBuildFile; fileRef = CA0085221A43A21800E2A102 /* MainMenu.xib */; };
		CA0732C81A43A62300770DE8 /* OsWindowMac.mm in Sources */ = {isa = PBXBuildFile; fileRef = CA0732C71A43A62300770DE8 /* OsWindowMac.mm */; };
/* End PBXBuildFile section */

/* Begin PBXFileReference section */
		7A0020F91BF8239000A0B82F /* MacApplication.mm */ = {isa = PBXFileReference; fileEncoding = 4; lastKnownFileType = sourcecode.cpp.objcpp; path = MacApplication.mm; sourceTree = "<group>"; };
		7A0020FA1BF8239000A0B82F /* MacApplication.h */ = {isa = PBXFileReference; fileEncoding = 4; lastKnownFileType = sourcecode.c.h; path = MacApplication.h; sourceTree = "<group>"; };
		7A060A081C5C43F200DDE30A /* Camera.cpp */ = {isa = PBXFileReference; fileEncoding = 4; lastKnownFileType = sourcecode.cpp.cpp; path = Camera.cpp; sourceTree = "<group>"; };
		7A060A091C5C43F200DDE30A /* Camera.h */ = {isa = PBXFileReference; fileEncoding = 4; lastKnownFileType = sourcecode.c.h; path = Camera.h; sourceTree = "<group>"; };
		7A0CF6191C54C17200C7952C /* Carbon.framework */ = {isa = PBXFileReference; lastKnownFileType = wrapper.framework; name = Carbon.framework; path = System/Library/Frameworks/Carbon.framework; sourceTree = SDKROOT; };
		7A0FA8761C52D46F00EAC474 /* AssetCache.h */ = {isa = PBXFileReference; fileEncoding = 4; lastKnownFileType = sourcecode.c.h; path = AssetCache.h; sourceTree = "<group>"; };
		7A106EA51C56F767003B9E09 /* ShaderAsset.cpp */ = {isa = PBXFileReference; fileEncoding = 4; lastKnownFileType = sourcecode.cpp.cpp; path = ShaderAsset.cpp; sourceTree = "<group>"; };
		7A106EA61C56F767003B9E09 /* ShaderAsset.h */ = {isa = PBXFileReference; fileEncoding = 4; lastKnownFileType = sourcecode.c.h; path = ShaderAsset.h; sourceTree = "<group>"; };
		7A10CE851C006FF200A6816F /* ModelAsset.cpp */ = {isa = PBXFileReference; fileEncoding = 4; lastKnownFileType = sourcecode.cpp.cpp; path = ModelAsset.cpp; sourceTree = "<group>"; };
		7A10CE861C006FF200A6816F /* ModelAsset.h */ = {isa = PBXFileReference; fileEncoding = 4; lastKnownFileType = sourcecode.c.h; path = ModelAsset.h; sourceTree = "<group>"; };
		7A10CE891C006FF200A6816F /* ModelInstance.cpp */ = {isa = PBXFileReference; fileEncoding = 4; lastKnownFileType = sourcecode.cpp.cpp; path = ModelInstance.cpp; sourceTree = "<group>"; };
		7A10CE8A1C006FF200A6816F /* ModelInstance.h */ = {isa = PBXFileReference; fileEncoding = 4; lastKnownFileType = sourcecode.c.h; path = ModelInstance.h; sourceTree = "<group>"; };
		7A10CE8B1C006FF200A6816F /* ModelRenderQueue.cpp */ = {isa = PBXFileReference; fileEncoding = 4; lastKnownFileType = sourcecode.cpp.cpp; path = ModelRenderQueue.cpp; sourceTree = "<group>"; };
		7A10CE8C1C006FF200A6816F /* ModelRenderQueue.h */ = {isa = PBXFileReference; fileEncoding = 4; lastKnownFileType = sourcecode.c.h; path = ModelRenderQueue.h; sourceTree = "<group>"; };
		7A10CE951C0070B700A6816F /* Endian.h */ = {isa = PBXFileReference; lastKnownFileType = sourcecode.c.h; path = Endian.h; sourceTree = "<group>"; };
		7A10CE971C0070C000A6816F /* Matrix33.cpp */ = {isa = PBXFileReference; fileEncoding = 4; lastKnownFileType = sourcecode.cpp.cpp; path = Matrix33.cpp; sourceTree = "<group>"; };
		7A10CE981C0070C000A6816F /* Matrix33.h */ = {isa = PBXFileReference; fileEncoding = 4; lastKnownFileType = sourcecode.c.h; path = Matrix33.h; sourceTree = "<group>"; };
		7A10CE991C0070C000A6816F /* Matrix44.cpp */ = {isa = PBXFileReference; fileEncoding = 4; lastKnownFileType = sourcecode.cpp.cpp; path = Matrix44.cpp; sourceTree = "<group>"; };
		7A10CE9A1C0070C000A6816F /* Matrix44.h */ = {isa = PBXFileReference; fileEncoding = 4; lastKnownFileType = sourcecode.c.h; path = Matrix44.h; sourceTree = "<group>"; };
		7A10CE9B1C0070C000A6816F /* Quaternion.cpp */ = {isa = PBXFileReference; fileEncoding = 4; lastKnownFileType = sourcecode.cpp.cpp; path = Quaternion.cpp; sourceTree = "<group>"; };
		7A10CE9C1C0070C000A6816F /* Quaternion.h */ = {isa = PBXFileReference; fileEncoding = 4; lastKnownFileType = sourcecode.c.h; path = Quaternion.h; sourceTree = "<group>"; };
		7A10CE9D1C0070C000A6816F /* Vector3.cpp */ = {isa = PBXFileReference; fileEncoding = 4; lastKnownFileType = sourcecode.cpp.cpp; path = Vector3.cpp; sourceTree = "<group>"; };
		7A10CE9E1C0070C000A6816F /* Vector3.h */ = {isa = PBXFileReference; fileEncoding = 4; lastKnownFileType = sourcecode.c.h; path = Vector3.h; sourceTree = "<group>"; };
		7A10CE9F1C0070C000A6816F /* Vector4.cpp */ = {isa = PBXFileReference; fileEncoding = 4; lastKnownFileType = sourcecode.cpp.cpp; path = Vector4.cpp; sourceTree = "<group>"; };
		7A10CEA01C0070C000A6816F /* Vector4.h */ = {isa = PBXFileReference; fileEncoding = 4; lastKnownFileType = sourcecode.c.h; path = Vector4.h; sourceTree = "<group>"; };
		7A15D2C31BF9728E000DD053 /* Assets */ = {isa = PBXFileReference; lastKnownFileType = folder; path = Assets; sourceTree = "<group>"; };
		7A1EEFC21C54515600D68F49 /* GpuDeferredDeletionQueue.cpp */ = {isa = PBXFileReference; fileEncoding = 4; lastKnownFileType = sourcecode.cpp.cpp; path = GpuDeferredDeletionQueue.cpp; sourceTree = "<group>"; };
		7A1EEFC31C54515600D68F49 /* GpuDeferredDeletionQueue.h */ = {isa = PBXFileReference; fileEncoding = 4; lastKnownFileType = sourcecode.c.h; path = GpuDeferredDeletionQueue.h; sourceTree = "<group>"; };
		7A208EB41C013423002B4459 /* GpuDrawItemWriter.cpp */ = {isa = PBXFileReference; fileEncoding = 4; lastKnownFileType = sourcecode.cpp.cpp; path = GpuDrawItemWriter.cpp; sourceTree = "<group>"; };
		7A208EB51C013423002B4459 /* GpuDrawItemWriter.h */ = {isa = PBXFileReference; fileEncoding = 4; lastKnownFileType = sourcecode.c.h; path = GpuDrawItemWriter.h; sourceTree = "<group>"; };
		7A208EB71C014263002B4459 /* GpuDrawItem.h */ = {isa = PBXFileReference; lastKnownFileType = sourcecode.c.h; path = GpuDrawItem.h; sourceTree = "<group>"; };
		7A20A7FC1C6952A300E82F66 /* Path.cpp */ = {isa = PBXFileReference; fileEncoding = 4; lastKnownFileType = sourcecode.cpp.cpp; path = Path.cpp; sourceTree = "<group>"; };
		7A20A7FD1C6952A300E82F66 /* Path.h */ = {isa = PBXFileReference; fileEncoding = 4; lastKnownFileType = sourcecode.c.h; path = Path.h; sourceTree = "<group>"; };
		7A20A7FF1C69543C00E82F66 /* Str.cpp */ = {isa = PBXFileReference; fileEncoding = 4; lastKnownFileType = sourcecode.cpp.cpp; path = Str.cpp; sourceTree = "<group>"; };
		7A20A8001C69543C00E82F66 /* Str.h */ = {isa = PBXFileReference; fileEncoding = 4; lastKnownFileType = sourcecode.c.h; path = Str.h; sourceTree = "<group>"; };
		7A2B4CE81CA3EA0700714D93 /* Scene.cpp */ = {isa = PBXFileReference; fileEncoding = 4; lastKnownFileType = sourcecode.cpp.cpp; path = Scene.cpp; sourceTree = "<group>"; };
		7A2B4CE91CA3EA0800714D93 /* Scene.h */ = {isa = PBXFileReference; fileEncoding = 4; lastKnownFileType = sourcecode.c.h; path = Scene.h; sourceTree = "<group>"; };
		7A2E8B661CA756B200A66B3D /* RenderTargetDisplay.cpp */ = {isa = PBXFileReference; fileEncoding = 4; lastKnownFileType = sourcecode.cpp.cpp; path = RenderTargetDisplay.cpp; sourceTree = "<group>"; };
		7A2E8B671CA756B200A66B3D /* RenderTargetDisplay.h */ = {isa = PBXFileReference; fileEncoding = 4; lastKnownFileType = sourcecode.c.h; path = RenderTargetDisplay.h; sourceTree = "<group>"; };
		7A38309F1C3879250073769C /* GpuShaderPermutations.h */ = {isa = PBXFileReference; lastKnownFileType = sourcecode.c.h; path = GpuShaderPermutations.h; sourceTree = "<group>"; };
		7A4492011BF1E44100444DFC /* GpuDevice.cpp */ = {isa = PBXFileReference; fileEncoding = 4; lastKnownFileType = sourcecode.cpp.cpp; path = GpuDevice.cpp; sourceTree = "<group>"; };
		7A4492021BF1E44100444DFC /* GpuDevice.h */ = {isa = PBXFileReference; fileEncoding = 4; lastKnownFileType = sourcecode.c.h; path = GpuDevice.h; sourceTree = "<group>"; };
		7A4492041BF1E46700444DFC /* GpuDeviceMetal.mm */ = {isa = PBXFileReference; fileEncoding = 4; lastKnownFileType = sourcecode.cpp.objcpp; path = GpuDeviceMetal.mm; sourceTree = "<group>"; };
		7A4492061BF1E63500444DFC /* Metal.framework */ = {isa = PBXFileReference; lastKnownFileType = wrapper.framework; name = Metal.framework; path = System/Library/Frameworks/Metal.framework; sourceTree = SDKROOT; };
		7A6F6A1E1C6ACC92004C9EE3 /* Skybox.metal */ = {isa = PBXFileReference; fileEncoding = 4; lastKnownFileType = sourcecode.metal; path = Skybox.metal; sourceTree = "<group>"; };
		7A6F6A201C6ACE04004C9EE3 /* ModelTypes.h */ = {isa = PBXFileReference; fileEncoding = 4; lastKnownFileType = sourcecode.c.h; path = ModelTypes.h; sourceTree = "<group>"; };
		7A7E6BCE1D1C9C1D00DF7DCC /* GpuSamplerCache.cpp */ = {isa = PBXFileReference; fileEncoding = 4; lastKnownFileType = sourcecode.cpp.cpp; path = GpuSamplerCache.cpp; sourceTree = "<group>"; };
		7A7E6BCF1D1C9C1D00DF7DCC /* GpuSamplerCache.h */ = {isa = PBXFileReference; fileEncoding = 4; lastKnownFileType = sourcecode.c.h; path = GpuSamplerCache.h; sourceTree = "<group>"; };
		7A9264451C73CBF100F424FD /* ModelScene.cpp */ = {isa = PBXFileReference; fileEncoding = 4; lastKnownFileType = sourcecode.cpp.cpp; path = ModelScene.cpp; sourceTree = "<group>"; };
		7A9264461C73CBF100F424FD /* ModelScene.h */ = {isa = PBXFileReference; fileEncoding = 4; lastKnownFileType = sourcecode.c.h; path = ModelScene.h; sourceTree = "<group>"; };
		7A975BC41CA68B0E00753831 /* BlitRT.metal */ = {isa = PBXFileReference; fileEncoding = 4; lastKnownFileType = sourcecode.metal; path = BlitRT.metal; sourceTree = "<group>"; };
		7A978A651C61E1F800299AB1 /* GpuDrawItemPool.cpp */ = {isa = PBXFileReference; fileEncoding = 4; lastKnownFileType = sourcecode.cpp.cpp; path = GpuDrawItemPool.cpp; sourceTree = "<group>"; };
		7A978A661C61E1F800299AB1 /* GpuDrawItemPool.h */ = {isa = PBXFileReference; fileEncoding = 4; lastKnownFileType = sourcecode.c.h; path = GpuDrawItemPool.h; sourceTree = "<group>"; };
		7AA0669B1C544657006278C8 /* Asset.h */ = {isa = PBXFileReference; lastKnownFileType = sourcecode.c.h; path = Asset.h; sourceTree = "<group>"; };
		7AA0669C1C5449C3006278C8 /* Asset.cpp */ = {isa = PBXFileReference; fileEncoding = 4; lastKnownFileType = sourcecode.cpp.cpp; path = Asset.cpp; sourceTree = "<group>"; };
		7AB95A031C25225600A71282 /* GpuMathUtils.cpp */ = {isa = PBXFileReference; fileEncoding = 4; lastKnownFileType = sourcecode.cpp.cpp; path = GpuMathUtils.cpp; sourceTree = "<group>"; };
		7AB95A041C25225600A71282 /* GpuMathUtils.h */ = {isa = PBXFileReference; fileEncoding = 4; lastKnownFileType = sourcecode.c.h; path = GpuMathUtils.h; sourceTree = "<group>"; };
		7AC5DFC81B8AF1C700FC65B1 /* Application.cpp */ = {isa = PBXFileReference; fileEncoding = 4; lastKnownFileType = sourcecode.cpp.cpp; path = Application.cpp; sourceTree = "<group>"; };
		7AC5DFC91B8AF1C700FC65B1 /* Application.h */ = {isa = PBXFileReference; fileEncoding = 4; lastKnownFileType = sourcecode.c.h; path = Application.h; sourceTree = "<group>"; };
		7AD002001C5A123500AD3F39 /* FileLoader.cpp */ = {isa = PBXFileReference; fileEncoding = 4; lastKnownFileType = sourcecode.cpp.cpp; path = FileLoader.cpp; sourceTree = "<group>"; };
		7AD002011C5A123500AD3F39 /* FileLoader.h */ = {isa = PBXFileReference; fileEncoding = 4; lastKnownFileType = sourcecode.c.h; path = FileLoader.h; sourceTree = "<group>"; };
		7AEAF1FF1BF814B900620EB0 /* OsEvent.h */ = {isa = PBXFileReference; lastKnownFileType = sourcecode.c.h; path = OsEvent.h; sourceTree = "<group>"; };
		7AEAF2001BF81DA400620EB0 /* Main.cpp */ = {isa = PBXFileReference; fileEncoding = 4; lastKnownFileType = sourcecode.cpp.cpp; path = Main.cpp; sourceTree = "<group>"; };
		7AEAF2021BF81E7E00620EB0 /* Cocoa.framework */ = {isa = PBXFileReference; lastKnownFileType = wrapper.framework; name = Cocoa.framework; path = System/Library/Frameworks/Cocoa.framework; sourceTree = SDKROOT; };
		7AEAF2041BF81E9300620EB0 /* QuartzCore.framework */ = {isa = PBXFileReference; lastKnownFileType = wrapper.framework; name = QuartzCore.framework; path = System/Library/Frameworks/QuartzCore.framework; sourceTree = SDKROOT; };
		7AEB7B381C373E6600EA12EA /* Model.metal */ = {isa = PBXFileReference; fileEncoding = 4; lastKnownFileType = sourcecode.metal; path = Model.metal; sourceTree = "<group>"; };
		7AEB7B3A1C37538A00EA12EA /* GpuShaderLoad.cpp */ = {isa = PBXFileReference; fileEncoding = 4; lastKnownFileType = sourcecode.cpp.cpp; path = GpuShaderLoad.cpp; sourceTree = "<group>"; };
		7AEB7B3B1C37538A00EA12EA /* GpuShaderLoad.h */ = {isa = PBXFileReference; fileEncoding = 4; lastKnownFileType = sourcecode.c.h; path = GpuShaderLoad.h; sourceTree = "<group>"; };
		7AF6B8BE1C574C28004C16C6 /* DDSFile.cpp */ = {isa = PBXFileReference; fileEncoding = 4; lastKnownFileType = sourcecode.cpp.cpp; path = DDSFile.cpp; sourceTree = "<group>"; };
		7AF6B8BF1C574C28004C16C6 /* DDSFile.h */ = {isa = PBXFileReference; fileEncoding = 4; lastKnownFileType = sourcecode.c.h; path = DDSFile.h; sourceTree = "<group>"; };
		7AF6B8C01C574C28004C16C6 /* TextureAsset.cpp */ = {isa = PBXFileReference; fileEncoding = 4; lastKnownFileType = sourcecode.cpp.cpp; path = TextureAsset.cpp; sourceTree = "<group>"; };
		7AF6B8C11C574C28004C16C6 /* TextureAsset.h */ = {isa = PBXFileReference; fileEncoding = 4; lastKnownFileType = sourcecode.c.h; path = TextureAsset.h; sourceTree = "<group>"; };
		7AF7AB0E1C00158400B44E92 /* Macros.h */ = {isa = PBXFileReference; lastKnownFileType = sourcecode.c.h; path = Macros.h; sourceTree = "<group>"; };
		7AF7AB0F1C00158400B44E92 /* Types.h */ = {isa = PBXFileReference; lastKnownFileType = sourcecode.c.h; path = Types.h; sourceTree = "<group>"; };
		CA0085161A43A21800E2A102 /* GfxDemo.app */ = {isa = PBXFileReference; explicitFileType = wrapper.application; includeInIndex = 0; path = GfxDemo.app; sourceTree = BUILT_PRODUCTS_DIR; };
		CA00851A1A43A21800E2A102 /* Info.plist */ = {isa = PBXFileReference; lastKnownFileType = text.plist.xml; path = Info.plist; sourceTree = "<group>"; };
		CA0085231A43A21800E2A102 /* Base */ = {isa = PBXFileReference; lastKnownFileType = file.xib; name = Base; path = Base.lproj/MainMenu.xib; sourceTree = "<group>"; };
		CA0732C51A43A54B00770DE8 /* OsWindow.h */ = {isa = PBXFileReference; lastKnownFileType = sourcecode.c.h; path = OsWindow.h; sourceTree = "<group>"; };
		CA0732C71A43A62300770DE8 /* OsWindowMac.mm */ = {isa = PBXFileReference; fileEncoding = 4; lastKnownFileType = sourcecode.cpp.objcpp; path = OsWindowMac.mm; sourceTree = "<group>"; };
		CA71F72E1A48E0440000B102 /* IDLookupTable.h */ = {isa = PBXFileReference; lastKnownFileType = sourcecode.c.h; path = IDLookupTable.h; sourceTree = "<group>"; };
/* End PBXFileReference section */

/* Begin PBXFrameworksBuildPhase section */
		CA0085131A43A21800E2A102 /* Frameworks */ = {
			isa = PBXFrameworksBuildPhase;
			buildActionMask = 2147483647;
			files = (
				7A0CF61A1C54C17200C7952C /* Carbon.framework in Frameworks */,
				7AEAF2051BF81E9300620EB0 /* QuartzCore.framework in Frameworks */,
				7AEAF2031BF81E7E00620EB0 /* Cocoa.framework in Frameworks */,
				7A4492071BF1E63500444DFC /* Metal.framework in Frameworks */,
			);
			runOnlyForDeploymentPostprocessing = 0;
		};
/* End PBXFrameworksBuildPhase section */

/* Begin PBXGroup section */
		7A0020F81BF8238100A0B82F /* Mac */ = {
			isa = PBXGroup;
			children = (
				7A0020FA1BF8239000A0B82F /* MacApplication.h */,
				7A0020F91BF8239000A0B82F /* MacApplication.mm */,
			);
			path = Mac;
			sourceTree = "<group>";
		};
		7A060A071C5C43E900DDE30A /* Scene */ = {
			isa = PBXGroup;
			children = (
				7A060A091C5C43F200DDE30A /* Camera.h */,
				7A060A081C5C43F200DDE30A /* Camera.cpp */,
				7A2B4CE91CA3EA0800714D93 /* Scene.h */,
				7A2B4CE81CA3EA0700714D93 /* Scene.cpp */,
				7A2E8B671CA756B200A66B3D /* RenderTargetDisplay.h */,
				7A2E8B661CA756B200A66B3D /* RenderTargetDisplay.cpp */,
			);
			path = Scene;
			sourceTree = "<group>";
		};
		7A0FA8751C52D46F00EAC474 /* Asset */ = {
			isa = PBXGroup;
			children = (
				7A0FA8761C52D46F00EAC474 /* AssetCache.h */,
				7AA0669B1C544657006278C8 /* Asset.h */,
				7AA0669C1C5449C3006278C8 /* Asset.cpp */,
			);
			path = Asset;
			sourceTree = "<group>";
		};
		7A106EA41C56F767003B9E09 /* Shader */ = {
			isa = PBXGroup;
			children = (
				7A106EA61C56F767003B9E09 /* ShaderAsset.h */,
				7A106EA51C56F767003B9E09 /* ShaderAsset.cpp */,
			);
			path = Shader;
			sourceTree = "<group>";
		};
		7A10CE841C006FF200A6816F /* Model */ = {
			isa = PBXGroup;
			children = (
				7A10CE861C006FF200A6816F /* ModelAsset.h */,
				7A10CE851C006FF200A6816F /* ModelAsset.cpp */,
				7A10CE8A1C006FF200A6816F /* ModelInstance.h */,
				7A10CE891C006FF200A6816F /* ModelInstance.cpp */,
				7A9264461C73CBF100F424FD /* ModelScene.h */,
				7A9264451C73CBF100F424FD /* ModelScene.cpp */,
				7A10CE8C1C006FF200A6816F /* ModelRenderQueue.h */,
				7A10CE8B1C006FF200A6816F /* ModelRenderQueue.cpp */,
			);
			path = Model;
			sourceTree = "<group>";
		};
		7A10CE961C0070C000A6816F /* Math */ = {
			isa = PBXGroup;
			children = (
				7A10CE981C0070C000A6816F /* Matrix33.h */,
				7A10CE971C0070C000A6816F /* Matrix33.cpp */,
				7A10CE9A1C0070C000A6816F /* Matrix44.h */,
				7A10CE991C0070C000A6816F /* Matrix44.cpp */,
				7A10CE9C1C0070C000A6816F /* Quaternion.h */,
				7A10CE9B1C0070C000A6816F /* Quaternion.cpp */,
				7A10CE9E1C0070C000A6816F /* Vector3.h */,
				7A10CE9D1C0070C000A6816F /* Vector3.cpp */,
				7A10CEA01C0070C000A6816F /* Vector4.h */,
				7A10CE9F1C0070C000A6816F /* Vector4.cpp */,
			);
			path = Math;
			sourceTree = "<group>";
		};
		7A15D2BE1BF97289000DD053 /* Shaders */ = {
			isa = PBXGroup;
			children = (
				7AEB7B381C373E6600EA12EA /* Model.metal */,
				7A6F6A1E1C6ACC92004C9EE3 /* Skybox.metal */,
				7A975BC41CA68B0E00753831 /* BlitRT.metal */,
				7A6F6A201C6ACE04004C9EE3 /* ModelTypes.h */,
			);
			path = Shaders;
			sourceTree = "<group>";
		};
		7A4492001BF1E42800444DFC /* GpuDevice */ = {
			isa = PBXGroup;
			children = (
				7A4492021BF1E44100444DFC /* GpuDevice.h */,
				7A4492011BF1E44100444DFC /* GpuDevice.cpp */,
				7A4492041BF1E46700444DFC /* GpuDeviceMetal.mm */,
				7A208EB51C013423002B4459 /* GpuDrawItemWriter.h */,
				7A208EB41C013423002B4459 /* GpuDrawItemWriter.cpp */,
				7AB95A041C25225600A71282 /* GpuMathUtils.h */,
				7AB95A031C25225600A71282 /* GpuMathUtils.cpp */,
				7A208EB71C014263002B4459 /* GpuDrawItem.h */,
				7A38309F1C3879250073769C /* GpuShaderPermutations.h */,
				7AEB7B3B1C37538A00EA12EA /* GpuShaderLoad.h */,
				7AEB7B3A1C37538A00EA12EA /* GpuShaderLoad.cpp */,
				7A1EEFC31C54515600D68F49 /* GpuDeferredDeletionQueue.h */,
				7A1EEFC21C54515600D68F49 /* GpuDeferredDeletionQueue.cpp */,
				7A978A661C61E1F800299AB1 /* GpuDrawItemPool.h */,
				7A978A651C61E1F800299AB1 /* GpuDrawItemPool.cpp */,
				7A7E6BCF1D1C9C1D00DF7DCC /* GpuSamplerCache.h */,
				7A7E6BCE1D1C9C1D00DF7DCC /* GpuSamplerCache.cpp */,
			);
			path = GpuDevice;
			sourceTree = "<group>";
		};
		7AF6B8BD1C574C28004C16C6 /* Texture */ = {
			isa = PBXGroup;
			children = (
				7AF6B8BF1C574C28004C16C6 /* DDSFile.h */,
				7AF6B8BE1C574C28004C16C6 /* DDSFile.cpp */,
				7AF6B8C11C574C28004C16C6 /* TextureAsset.h */,
				7AF6B8C01C574C28004C16C6 /* TextureAsset.cpp */,
			);
			path = Texture;
			sourceTree = "<group>";
		};
		7AF7AB0C1C00157000B44E92 /* Core */ = {
			isa = PBXGroup;
			children = (
				7AF7AB0E1C00158400B44E92 /* Macros.h */,
				7AF7AB0F1C00158400B44E92 /* Types.h */,
				7A10CE951C0070B700A6816F /* Endian.h */,
				7AD002011C5A123500AD3F39 /* FileLoader.h */,
				7AD002001C5A123500AD3F39 /* FileLoader.cpp */,
				7A20A8001C69543C00E82F66 /* Str.h */,
				7A20A7FF1C69543C00E82F66 /* Str.cpp */,
				7A20A7FD1C6952A300E82F66 /* Path.h */,
				7A20A7FC1C6952A300E82F66 /* Path.cpp */,
			);
			path = Core;
			sourceTree = "<group>";
		};
		CA00850D1A43A21800E2A102 = {
			isa = PBXGroup;
			children = (
				7A0CF6191C54C17200C7952C /* Carbon.framework */,
				7AEAF2021BF81E7E00620EB0 /* Cocoa.framework */,
				7AEAF2041BF81E9300620EB0 /* QuartzCore.framework */,
				7A4492061BF1E63500444DFC /* Metal.framework */,
				7A15D2C31BF9728E000DD053 /* Assets */,
				7A15D2BE1BF97289000DD053 /* Shaders */,
				CA0085181A43A21800E2A102 /* Source */,
				CA0085171A43A21800E2A102 /* Products */,
			);
			sourceTree = "<group>";
		};
		CA0085171A43A21800E2A102 /* Products */ = {
			isa = PBXGroup;
			children = (
				CA0085161A43A21800E2A102 /* GfxDemo.app */,
			);
			name = Products;
			sourceTree = "<group>";
		};
		CA0085181A43A21800E2A102 /* Source */ = {
			isa = PBXGroup;
			children = (
				7AF7AB0C1C00157000B44E92 /* Core */,
				7AC5DFC91B8AF1C700FC65B1 /* Application.h */,
				7AC5DFC81B8AF1C700FC65B1 /* Application.cpp */,
				CA71F72E1A48E0440000B102 /* IDLookupTable.h */,
				7AEAF1FF1BF814B900620EB0 /* OsEvent.h */,
				CA0732C51A43A54B00770DE8 /* OsWindow.h */,
				CA0732C71A43A62300770DE8 /* OsWindowMac.mm */,
				7AEAF2001BF81DA400620EB0 /* Main.cpp */,
				7A060A071C5C43E900DDE30A /* Scene */,
				7A10CE841C006FF200A6816F /* Model */,
				7AF6B8BD1C574C28004C16C6 /* Texture */,
				7A106EA41C56F767003B9E09 /* Shader */,
				7A0FA8751C52D46F00EAC474 /* Asset */,
				7A10CE961C0070C000A6816F /* Math */,
				7A0020F81BF8238100A0B82F /* Mac */,
				7A4492001BF1E42800444DFC /* GpuDevice */,
				CA0085221A43A21800E2A102 /* MainMenu.xib */,
				CA0085191A43A21800E2A102 /* Supporting Files */,
			);
			path = Source;
			sourceTree = "<group>";
		};
		CA0085191A43A21800E2A102 /* Supporting Files */ = {
			isa = PBXGroup;
			children = (
				CA00851A1A43A21800E2A102 /* Info.plist */,
			);
			name = "Supporting Files";
			sourceTree = "<group>";
		};
/* End PBXGroup section */

/* Begin PBXNativeTarget section */
		CA0085151A43A21800E2A102 /* GfxDemo */ = {
			isa = PBXNativeTarget;
			buildConfigurationList = CA0085331A43A21800E2A102 /* Build configuration list for PBXNativeTarget "GfxDemo" */;
			buildPhases = (
				CA0085121A43A21800E2A102 /* Sources */,
				CA0085131A43A21800E2A102 /* Frameworks */,
				CA0085141A43A21800E2A102 /* Resources */,
			);
			buildRules = (
			);
			dependencies = (
			);
			name = GfxDemo;
			productName = DeviceGL4;
			productReference = CA0085161A43A21800E2A102 /* GfxDemo.app */;
			productType = "com.apple.product-type.application";
		};
/* End PBXNativeTarget section */

/* Begin PBXProject section */
		CA00850E1A43A21800E2A102 /* Project object */ = {
			isa = PBXProject;
			attributes = {
				LastUpgradeCheck = 0610;
				ORGANIZATIONNAME = "William Irwin-Harris";
				TargetAttributes = {
					CA0085151A43A21800E2A102 = {
						CreatedOnToolsVersion = 6.1.1;
					};
				};
			};
			buildConfigurationList = CA0085111A43A21800E2A102 /* Build configuration list for PBXProject "GfxDemo" */;
			compatibilityVersion = "Xcode 3.2";
			developmentRegion = English;
			hasScannedForEncodings = 0;
			knownRegions = (
				en,
				Base,
			);
			mainGroup = CA00850D1A43A21800E2A102;
			productRefGroup = CA0085171A43A21800E2A102 /* Products */;
			projectDirPath = "";
			projectRoot = "";
			targets = (
				CA0085151A43A21800E2A102 /* GfxDemo */,
			);
		};
/* End PBXProject section */

/* Begin PBXResourcesBuildPhase section */
		CA0085141A43A21800E2A102 /* Resources */ = {
			isa = PBXResourcesBuildPhase;
			buildActionMask = 2147483647;
			files = (
				CA0085241A43A21800E2A102 /* MainMenu.xib in Resources */,
				7A15D2C41BF9728E000DD053 /* Assets in Resources */,
			);
			runOnlyForDeploymentPostprocessing = 0;
		};
/* End PBXResourcesBuildPhase section */

/* Begin PBXSourcesBuildPhase section */
		CA0085121A43A21800E2A102 /* Sources */ = {
			isa = PBXSourcesBuildPhase;
			buildActionMask = 2147483647;
			files = (
				7A20A7FE1C6952A300E82F66 /* Path.cpp in Sources */,
				7AF6B8C31C574C28004C16C6 /* TextureAsset.cpp in Sources */,
				7A10CE8F1C006FF200A6816F /* ModelInstance.cpp in Sources */,
				7A060A0A1C5C43F200DDE30A /* Camera.cpp in Sources */,
				7A1EEFC41C54515600D68F49 /* GpuDeferredDeletionQueue.cpp in Sources */,
				7A0020FB1BF8239000A0B82F /* MacApplication.mm in Sources */,
				7AEB7B391C373E6600EA12EA /* Model.metal in Sources */,
				CA0732C81A43A62300770DE8 /* OsWindowMac.mm in Sources */,
				7A978A671C61E1F800299AB1 /* GpuDrawItemPool.cpp in Sources */,
				7A9264471C73CBF100F424FD /* ModelScene.cpp in Sources */,
				7A10CEA21C0070C000A6816F /* Matrix44.cpp in Sources */,
				7A10CEA41C0070C000A6816F /* Vector3.cpp in Sources */,
				7A4492051BF1E46700444DFC /* GpuDeviceMetal.mm in Sources */,
				7AB95A051C25225600A71282 /* GpuMathUtils.cpp in Sources */,
				7AD002021C5A123500AD3F39 /* FileLoader.cpp in Sources */,
				7AEB7B3C1C37538A00EA12EA /* GpuShaderLoad.cpp in Sources */,
				7A10CE901C006FF200A6816F /* ModelRenderQueue.cpp in Sources */,
				7A10CEA11C0070C000A6816F /* Matrix33.cpp in Sources */,
				7A2B4CEA1CA3EA0800714D93 /* Scene.cpp in Sources */,
				7A20A8011C69543C00E82F66 /* Str.cpp in Sources */,
				7A2E8B681CA756B200A66B3D /* RenderTargetDisplay.cpp in Sources */,
				7A10CEA31C0070C000A6816F /* Quaternion.cpp in Sources */,
				7AEAF2011BF81DA400620EB0 /* Main.cpp in Sources */,
				7A106EA71C56F767003B9E09 /* ShaderAsset.cpp in Sources */,
				7A7E6BD01D1C9C1D00DF7DCC /* GpuSamplerCache.cpp in Sources */,
				7AC5DFCA1B8AF1C700FC65B1 /* Application.cpp in Sources */,
				7A10CEA51C0070C000A6816F /* Vector4.cpp in Sources */,
				7A4492031BF1E44100444DFC /* GpuDevice.cpp in Sources */,
				7A208EB61C013423002B4459 /* GpuDrawItemWriter.cpp in Sources */,
				7A10CE8D1C006FF200A6816F /* ModelAsset.cpp in Sources */,
				7AA0669D1C5449C3006278C8 /* Asset.cpp in Sources */,
				7AF6B8C21C574C28004C16C6 /* DDSFile.cpp in Sources */,
			);
			runOnlyForDeploymentPostprocessing = 0;
		};
/* End PBXSourcesBuildPhase section */

/* Begin PBXVariantGroup section */
		CA0085221A43A21800E2A102 /* MainMenu.xib */ = {
			isa = PBXVariantGroup;
			children = (
				CA0085231A43A21800E2A102 /* Base */,
			);
			name = MainMenu.xib;
			sourceTree = "<group>";
		};
/* End PBXVariantGroup section */

/* Begin XCBuildConfiguration section */
		CA0085311A43A21800E2A102 /* Debug */ = {
			isa = XCBuildConfiguration;
			buildSettings = {
				ALWAYS_SEARCH_USER_PATHS = NO;
				CLANG_CXX_LANGUAGE_STANDARD = "gnu++0x";
				CLANG_CXX_LIBRARY = "libc++";
				CLANG_ENABLE_MODULES = YES;
				CLANG_ENABLE_OBJC_ARC = YES;
				CLANG_WARN_BOOL_CONVERSION = YES;
				CLANG_WARN_CONSTANT_CONVERSION = YES;
				CLANG_WARN_DIRECT_OBJC_ISA_USAGE = YES_ERROR;
				CLANG_WARN_EMPTY_BODY = YES;
				CLANG_WARN_ENUM_CONVERSION = YES;
				CLANG_WARN_INT_CONVERSION = YES;
				CLANG_WARN_OBJC_ROOT_CLASS = YES_ERROR;
				CLANG_WARN_UNREACHABLE_CODE = YES;
				CLANG_WARN__DUPLICATE_METHOD_MATCH = YES;
				CODE_SIGN_IDENTITY = "-";
				COPY_PHASE_STRIP = NO;
				ENABLE_STRICT_OBJC_MSGSEND = YES;
				GCC_C_LANGUAGE_STANDARD = gnu99;
				GCC_DYNAMIC_NO_PIC = NO;
				GCC_OPTIMIZATION_LEVEL = 0;
				GCC_PREPROCESSOR_DEFINITIONS = (
					"DEBUG=1",
					"$(inherited)",
				);
				GCC_SYMBOLS_PRIVATE_EXTERN = NO;
				GCC_WARN_64_TO_32_BIT_CONVERSION = YES;
				GCC_WARN_ABOUT_RETURN_TYPE = YES_ERROR;
				GCC_WARN_UNDECLARED_SELECTOR = YES;
				GCC_WARN_UNINITIALIZED_AUTOS = YES_AGGRESSIVE;
				GCC_WARN_UNUSED_FUNCTION = YES;
				GCC_WARN_UNUSED_VARIABLE = YES;
				MACOSX_DEPLOYMENT_TARGET = 10.9;
				MTL_ENABLE_DEBUG_INFO = YES;
				ONLY_ACTIVE_ARCH = YES;
				SDKROOT = macosx;
			};
			name = Debug;
		};
		CA0085321A43A21800E2A102 /* Release */ = {
			isa = XCBuildConfiguration;
			buildSettings = {
				ALWAYS_SEARCH_USER_PATHS = NO;
				CLANG_CXX_LANGUAGE_STANDARD = "gnu++0x";
				CLANG_CXX_LIBRARY = "libc++";
				CLANG_ENABLE_MODULES = YES;
				CLANG_ENABLE_OBJC_ARC = YES;
				CLANG_WARN_BOOL_CONVERSION = YES;
				CLANG_WARN_CONSTANT_CONVERSION = YES;
				CLANG_WARN_DIRECT_OBJC_ISA_USAGE = YES_ERROR;
				CLANG_WARN_EMPTY_BODY = YES;
				CLANG_WARN_ENUM_CONVERSION = YES;
				CLANG_WARN_INT_CONVERSION = YES;
				CLANG_WARN_OBJC_ROOT_CLASS = YES_ERROR;
				CLANG_WARN_UNREACHABLE_CODE = YES;
				CLANG_WARN__DUPLICATE_METHOD_MATCH = YES;
				CODE_SIGN_IDENTITY = "-";
				COPY_PHASE_STRIP = YES;
				DEBUG_INFORMATION_FORMAT = "dwarf-with-dsym";
				ENABLE_NS_ASSERTIONS = NO;
				ENABLE_STRICT_OBJC_MSGSEND = YES;
				GCC_C_LANGUAGE_STANDARD = gnu99;
				GCC_WARN_64_TO_32_BIT_CONVERSION = YES;
				GCC_WARN_ABOUT_RETURN_TYPE = YES_ERROR;
				GCC_WARN_UNDECLARED_SELECTOR = YES;
				GCC_WARN_UNINITIALIZED_AUTOS = YES_AGGRESSIVE;
				GCC_WARN_UNUSED_FUNCTION = YES;
				GCC_WARN_UNUSED_VARIABLE = YES;
				MACOSX_DEPLOYMENT_TARGET = 10.9;
				MTL_ENABLE_DEBUG_INFO = NO;
				SDKROOT = macosx;
			};
			name = Release;
		};
		CA0085341A43A21800E2A102 /* Debug */ = {
			isa = XCBuildConfiguration;
			buildSettings = {
				ASSETCATALOG_COMPILER_APPICON_NAME = AppIcon;
				CLANG_ENABLE_OBJC_ARC = NO;
				COMBINE_HIDPI_IMAGES = YES;
				INFOPLIST_FILE = Source/Info.plist;
				LD_RUNPATH_SEARCH_PATHS = "$(inherited) @executable_path/../Frameworks";
				OTHER_CPLUSPLUSFLAGS = (
					"$(OTHER_CFLAGS)",
					"-DGPUDEVICE_DEBUG_MODE",
					"-DASSET_REFRESH",
				);
				PRODUCT_BUNDLE_IDENTIFIER = "My-Company.GfxDemo";
				PRODUCT_NAME = GfxDemo;
				USER_HEADER_SEARCH_PATHS = "$(SRCROOT)/Source";
			};
			name = Debug;
		};
		CA0085351A43A21800E2A102 /* Release */ = {
			isa = XCBuildConfiguration;
			buildSettings = {
				ASSETCATALOG_COMPILER_APPICON_NAME = AppIcon;
				CLANG_ENABLE_OBJC_ARC = NO;
				COMBINE_HIDPI_IMAGES = YES;
				INFOPLIST_FILE = Source/Info.plist;
				LD_RUNPATH_SEARCH_PATHS = "$(inherited) @executable_path/../Frameworks";
				OTHER_CPLUSPLUSFLAGS = (
					"$(OTHER_CFLAGS)",
					"-DGPUDEVICE_DEBUG_MODE",
					"-DASSET_REFRESH",
				);
				PRODUCT_BUNDLE_IDENTIFIER = "My-Company.GfxDemo";
				PRODUCT_NAME = GfxDemo;
				USER_HEADER_SEARCH_PATHS = "$(SRCROOT)/Source";
			};
			name = Release;
		};
/* End XCBuildConfiguration section */

/* Begin XCConfigurationList section */
		CA0085111A43A21800E2A102 /* Build configuration list for PBXProject "GfxDemo" */ = {
			isa = XCConfigurationList;
			buildConfigurations = (
				CA0085311A43A21800E2A102 /* Debug */,
				CA0085321A43A21800E2A102 /* Release */,
			);
			defaultConfigurationIsVisible = 0;
			defaultConfigurationName = Release;
		};
		CA0085331A43A21800E2A102 /* Build configuration list for PBXNativeTarget "GfxDemo" */ = {
			isa = XCConfigurationList;
			buildConfigurations = (
				CA0085341A43A21800E2A102 /* Debug */,
				CA0085351A43A21800E2A102 /* Release */,
			);
			defaultConfigurationIsVisible = 0;
			defaultConfigurationName = Release;
		};
/* End XCConfigurationList section */
	};
	rootObject = CA00850E1A43A21800E2A102 /* Project object */;
}
